
Microsoft Visual Studio Solution File, Format Version 12.00
# Visual Studio Version 16
VisualStudioVersion = 16.0.30204.135
MinimumVisualStudioVersion = 10.0.40219.1
Project("{FAE04EC0-301F-11D3-BF4B-00C04F79EFBC}") = "ODataAspNetCoreCosmos", "ODataAspNetCoreCosmos\ODataAspNetCoreCosmos.csproj", "{398D8F0B-E6CF-4EAA-BED0-2685E5C5B437}"
EndProject
Global
	GlobalSection(SolutionConfigurationPlatforms) = preSolution
		Debug|Any CPU = Debug|Any CPU
		Release|Any CPU = Release|Any CPU
	EndGlobalSection
	GlobalSection(ProjectConfigurationPlatforms) = postSolution
		{398D8F0B-E6CF-4EAA-BED0-2685E5C5B437}.Debug|Any CPU.ActiveCfg = Debug|Any CPU
		{398D8F0B-E6CF-4EAA-BED0-2685E5C5B437}.Debug|Any CPU.Build.0 = Debug|Any CPU
		{398D8F0B-E6CF-4EAA-BED0-2685E5C5B437}.Release|Any CPU.ActiveCfg = Release|Any CPU
		{398D8F0B-E6CF-4EAA-BED0-2685E5C5B437}.Release|Any CPU.Build.0 = Release|Any CPU
	EndGlobalSection
	GlobalSection(SolutionProperties) = preSolution
		HideSolutionNode = FALSE
	EndGlobalSection
	GlobalSection(ExtensibilityGlobals) = postSolution
		SolutionGuid = {A00097EF-580C-4223-B37C-112F5A01E996}
	EndGlobalSection
EndGlobal
